// !$*UTF8*$!
{
	archiveVersion = 1;
	classes = {
	};
	objectVersion = 55;
	objects = {

/* Begin PBXBuildFile section */
		FD5F35742774EDAD00BBEA2E /* TicketList.json in Resources */ = {isa = PBXBuildFile; fileRef = FD5F35732774EDAD00BBEA2E /* TicketList.json */; };
		FD5F357727774B1200BBEA2E /* TicketList.swift in Sources */ = {isa = PBXBuildFile; fileRef = FD5F357627774B1200BBEA2E /* TicketList.swift */; };
		FD5F357927774C0900BBEA2E /* TicketInfo.swift in Sources */ = {isa = PBXBuildFile; fileRef = FD5F357827774C0900BBEA2E /* TicketInfo.swift */; };
		FD5F357C2778A22400BBEA2E /* TicketListView.swift in Sources */ = {isa = PBXBuildFile; fileRef = FD5F357B2778A22400BBEA2E /* TicketListView.swift */; };
		FD5F357E2778A25600BBEA2E /* TicketListRowView.swift in Sources */ = {isa = PBXBuildFile; fileRef = FD5F357D2778A25600BBEA2E /* TicketListRowView.swift */; };
		FD5F358027797D1100BBEA2E /* TicketListFetcher.swift in Sources */ = {isa = PBXBuildFile; fileRef = FD5F357F27797D1100BBEA2E /* TicketListFetcher.swift */; };
		FD5F35832779854300BBEA2E /* TicketListViewModel.swift in Sources */ = {isa = PBXBuildFile; fileRef = FD5F35822779854300BBEA2E /* TicketListViewModel.swift */; };
		FD5F3585277BCED400BBEA2E /* TicketListFooterView.swift in Sources */ = {isa = PBXBuildFile; fileRef = FD5F3584277BCED400BBEA2E /* TicketListFooterView.swift */; };
		FD5F3589277BD1E200BBEA2E /* TicketDetailView.swift in Sources */ = {isa = PBXBuildFile; fileRef = FD5F3588277BD1E200BBEA2E /* TicketDetailView.swift */; };
		FD5F358B277DAB1500BBEA2E /* TicketDetailTopView.swift in Sources */ = {isa = PBXBuildFile; fileRef = FD5F358A277DAB1500BBEA2E /* TicketDetailTopView.swift */; };
		FD5F358E277DB2C200BBEA2E /* RoundedCorner.swift in Sources */ = {isa = PBXBuildFile; fileRef = FD5F358D277DB2C200BBEA2E /* RoundedCorner.swift */; };
		FD5F3590277DB5CA00BBEA2E /* LREdgeCutShapeView.swift in Sources */ = {isa = PBXBuildFile; fileRef = FD5F358F277DB5CA00BBEA2E /* LREdgeCutShapeView.swift */; };
		FD930CDE27736183000BA4CF /* FlightTicketBrowserApp.swift in Sources */ = {isa = PBXBuildFile; fileRef = FD930CDD27736183000BA4CF /* FlightTicketBrowserApp.swift */; };
		FD930CE227736185000BA4CF /* Assets.xcassets in Resources */ = {isa = PBXBuildFile; fileRef = FD930CE127736185000BA4CF /* Assets.xcassets */; };
		FD930CE527736185000BA4CF /* Preview Assets.xcassets in Resources */ = {isa = PBXBuildFile; fileRef = FD930CE427736185000BA4CF /* Preview Assets.xcassets */; };
/* End PBXBuildFile section */

/* Begin PBXFileReference section */
		FD5F35732774EDAD00BBEA2E /* TicketList.json */ = {isa = PBXFileReference; lastKnownFileType = text.json; path = TicketList.json; sourceTree = "<group>"; };
		FD5F357627774B1200BBEA2E /* TicketList.swift */ = {isa = PBXFileReference; lastKnownFileType = sourcecode.swift; path = TicketList.swift; sourceTree = "<group>"; };
		FD5F357827774C0900BBEA2E /* TicketInfo.swift */ = {isa = PBXFileReference; lastKnownFileType = sourcecode.swift; path = TicketInfo.swift; sourceTree = "<group>"; };
		FD5F357B2778A22400BBEA2E /* TicketListView.swift */ = {isa = PBXFileReference; lastKnownFileType = sourcecode.swift; path = TicketListView.swift; sourceTree = "<group>"; };
		FD5F357D2778A25600BBEA2E /* TicketListRowView.swift */ = {isa = PBXFileReference; lastKnownFileType = sourcecode.swift; path = TicketListRowView.swift; sourceTree = "<group>"; };
		FD5F357F27797D1100BBEA2E /* TicketListFetcher.swift */ = {isa = PBXFileReference; lastKnownFileType = sourcecode.swift; path = TicketListFetcher.swift; sourceTree = "<group>"; };
		FD5F35822779854300BBEA2E /* TicketListViewModel.swift */ = {isa = PBXFileReference; lastKnownFileType = sourcecode.swift; path = TicketListViewModel.swift; sourceTree = "<group>"; };
		FD5F3584277BCED400BBEA2E /* TicketListFooterView.swift */ = {isa = PBXFileReference; lastKnownFileType = sourcecode.swift; path = TicketListFooterView.swift; sourceTree = "<group>"; };
		FD5F3588277BD1E200BBEA2E /* TicketDetailView.swift */ = {isa = PBXFileReference; lastKnownFileType = sourcecode.swift; path = TicketDetailView.swift; sourceTree = "<group>"; };
		FD5F358A277DAB1500BBEA2E /* TicketDetailTopView.swift */ = {isa = PBXFileReference; lastKnownFileType = sourcecode.swift; path = TicketDetailTopView.swift; sourceTree = "<group>"; };
		FD5F358D277DB2C200BBEA2E /* RoundedCorner.swift */ = {isa = PBXFileReference; lastKnownFileType = sourcecode.swift; path = RoundedCorner.swift; sourceTree = "<group>"; };
		FD5F358F277DB5CA00BBEA2E /* LREdgeCutShapeView.swift */ = {isa = PBXFileReference; lastKnownFileType = sourcecode.swift; path = LREdgeCutShapeView.swift; sourceTree = "<group>"; };
		FD930CDA27736183000BA4CF /* FlightTicketBrowser.app */ = {isa = PBXFileReference; explicitFileType = wrapper.application; includeInIndex = 0; path = FlightTicketBrowser.app; sourceTree = BUILT_PRODUCTS_DIR; };
		FD930CDD27736183000BA4CF /* FlightTicketBrowserApp.swift */ = {isa = PBXFileReference; lastKnownFileType = sourcecode.swift; path = FlightTicketBrowserApp.swift; sourceTree = "<group>"; };
		FD930CE127736185000BA4CF /* Assets.xcassets */ = {isa = PBXFileReference; lastKnownFileType = folder.assetcatalog; path = Assets.xcassets; sourceTree = "<group>"; };
		FD930CE427736185000BA4CF /* Preview Assets.xcassets */ = {isa = PBXFileReference; lastKnownFileType = folder.assetcatalog; path = "Preview Assets.xcassets"; sourceTree = "<group>"; };
/* End PBXFileReference section */

/* Begin PBXFrameworksBuildPhase section */
		FD930CD727736183000BA4CF /* Frameworks */ = {
			isa = PBXFrameworksBuildPhase;
			buildActionMask = 2147483647;
			files = (
			);
			runOnlyForDeploymentPostprocessing = 0;
		};
/* End PBXFrameworksBuildPhase section */

/* Begin PBXGroup section */
		FD5F35722774ED8000BBEA2E /* Data */ = {
			isa = PBXGroup;
			children = (
				FD5F357F27797D1100BBEA2E /* TicketListFetcher.swift */,
				FD5F35732774EDAD00BBEA2E /* TicketList.json */,
			);
			path = Data;
			sourceTree = "<group>";
		};
		FD5F357527774AE200BBEA2E /* Model */ = {
			isa = PBXGroup;
			children = (
				FD5F357627774B1200BBEA2E /* TicketList.swift */,
				FD5F357827774C0900BBEA2E /* TicketInfo.swift */,
			);
			path = Model;
			sourceTree = "<group>";
		};
		FD5F357A2778A1FA00BBEA2E /* View */ = {
			isa = PBXGroup;
			children = (
				FD5F358C277DB28A00BBEA2E /* Component */,
				FD5F3586277BD1B400BBEA2E /* TicketList */,
				FD5F3587277BD1CA00BBEA2E /* TicketDetail */,
			);
			path = View;
			sourceTree = "<group>";
		};
		FD5F35812779851D00BBEA2E /* ViewModel */ = {
			isa = PBXGroup;
			children = (
				FD5F35822779854300BBEA2E /* TicketListViewModel.swift */,
			);
			path = ViewModel;
			sourceTree = "<group>";
		};
		FD5F3586277BD1B400BBEA2E /* TicketList */ = {
			isa = PBXGroup;
			children = (
				FD5F357B2778A22400BBEA2E /* TicketListView.swift */,
				FD5F357D2778A25600BBEA2E /* TicketListRowView.swift */,
				FD5F3584277BCED400BBEA2E /* TicketListFooterView.swift */,
			);
			path = TicketList;
			sourceTree = "<group>";
		};
		FD5F3587277BD1CA00BBEA2E /* TicketDetail */ = {
			isa = PBXGroup;
			children = (
				FD5F3588277BD1E200BBEA2E /* TicketDetailView.swift */,
				FD5F358A277DAB1500BBEA2E /* TicketDetailTopView.swift */,
			);
			path = TicketDetail;
			sourceTree = "<group>";
		};
		FD5F358C277DB28A00BBEA2E /* Component */ = {
			isa = PBXGroup;
			children = (
				FD5F358D277DB2C200BBEA2E /* RoundedCorner.swift */,
				FD5F358F277DB5CA00BBEA2E /* LREdgeCutShapeView.swift */,
			);
			path = Component;
			sourceTree = "<group>";
		};
		FD930CD127736183000BA4CF = {
			isa = PBXGroup;
			children = (
				FD930CDC27736183000BA4CF /* FlightTicketBrowser */,
				FD930CDB27736183000BA4CF /* Products */,
			);
			sourceTree = "<group>";
		};
		FD930CDB27736183000BA4CF /* Products */ = {
			isa = PBXGroup;
			children = (
				FD930CDA27736183000BA4CF /* FlightTicketBrowser.app */,
			);
			name = Products;
			sourceTree = "<group>";
		};
		FD930CDC27736183000BA4CF /* FlightTicketBrowser */ = {
			isa = PBXGroup;
			children = (
				FD930CDD27736183000BA4CF /* FlightTicketBrowserApp.swift */,
				FD5F357A2778A1FA00BBEA2E /* View */,
				FD5F35812779851D00BBEA2E /* ViewModel */,
				FD5F357527774AE200BBEA2E /* Model */,
				FD5F35722774ED8000BBEA2E /* Data */,
				FD930CE127736185000BA4CF /* Assets.xcassets */,
				FD930CE327736185000BA4CF /* Preview Content */,
			);
			path = FlightTicketBrowser;
			sourceTree = "<group>";
		};
		FD930CE327736185000BA4CF /* Preview Content */ = {
			isa = PBXGroup;
			children = (
				FD930CE427736185000BA4CF /* Preview Assets.xcassets */,
			);
			path = "Preview Content";
			sourceTree = "<group>";
		};
/* End PBXGroup section */

/* Begin PBXNativeTarget section */
		FD930CD927736183000BA4CF /* FlightTicketBrowser */ = {
			isa = PBXNativeTarget;
			buildConfigurationList = FD930CE827736185000BA4CF /* Build configuration list for PBXNativeTarget "FlightTicketBrowser" */;
			buildPhases = (
				FD930CD627736183000BA4CF /* Sources */,
				FD930CD727736183000BA4CF /* Frameworks */,
				FD930CD827736183000BA4CF /* Resources */,
			);
			buildRules = (
			);
			dependencies = (
			);
			name = FlightTicketBrowser;
			productName = FlightTicketBrowser;
			productReference = FD930CDA27736183000BA4CF /* FlightTicketBrowser.app */;
			productType = "com.apple.product-type.application";
		};
/* End PBXNativeTarget section */

/* Begin PBXProject section */
		FD930CD227736183000BA4CF /* Project object */ = {
			isa = PBXProject;
			attributes = {
				BuildIndependentTargetsInParallel = 1;
				LastSwiftUpdateCheck = 1310;
				LastUpgradeCheck = 1310;
				TargetAttributes = {
					FD930CD927736183000BA4CF = {
						CreatedOnToolsVersion = 13.1;
					};
				};
			};
			buildConfigurationList = FD930CD527736183000BA4CF /* Build configuration list for PBXProject "FlightTicketBrowser" */;
			compatibilityVersion = "Xcode 13.0";
			developmentRegion = en;
			hasScannedForEncodings = 0;
			knownRegions = (
				en,
				Base,
			);
			mainGroup = FD930CD127736183000BA4CF;
			productRefGroup = FD930CDB27736183000BA4CF /* Products */;
			projectDirPath = "";
			projectRoot = "";
			targets = (
				FD930CD927736183000BA4CF /* FlightTicketBrowser */,
			);
		};
/* End PBXProject section */

/* Begin PBXResourcesBuildPhase section */
		FD930CD827736183000BA4CF /* Resources */ = {
			isa = PBXResourcesBuildPhase;
			buildActionMask = 2147483647;
			files = (
				FD930CE527736185000BA4CF /* Preview Assets.xcassets in Resources */,
				FD930CE227736185000BA4CF /* Assets.xcassets in Resources */,
				FD5F35742774EDAD00BBEA2E /* TicketList.json in Resources */,
			);
			runOnlyForDeploymentPostprocessing = 0;
		};
/* End PBXResourcesBuildPhase section */

/* Begin PBXSourcesBuildPhase section */
		FD930CD627736183000BA4CF /* Sources */ = {
			isa = PBXSourcesBuildPhase;
			buildActionMask = 2147483647;
			files = (
				FD5F357727774B1200BBEA2E /* TicketList.swift in Sources */,
				FD5F358027797D1100BBEA2E /* TicketListFetcher.swift in Sources */,
				FD5F3589277BD1E200BBEA2E /* TicketDetailView.swift in Sources */,
				FD5F358B277DAB1500BBEA2E /* TicketDetailTopView.swift in Sources */,
				FD930CDE27736183000BA4CF /* FlightTicketBrowserApp.swift in Sources */,
				FD5F357E2778A25600BBEA2E /* TicketListRowView.swift in Sources */,
				FD5F357C2778A22400BBEA2E /* TicketListView.swift in Sources */,
				FD5F357927774C0900BBEA2E /* TicketInfo.swift in Sources */,
				FD5F35832779854300BBEA2E /* TicketListViewModel.swift in Sources */,
				FD5F358E277DB2C200BBEA2E /* RoundedCorner.swift in Sources */,
				FD5F3590277DB5CA00BBEA2E /* LREdgeCutShapeView.swift in Sources */,
				FD5F3585277BCED400BBEA2E /* TicketListFooterView.swift in Sources */,
			);
			runOnlyForDeploymentPostprocessing = 0;
		};
/* End PBXSourcesBuildPhase section */

/* Begin XCBuildConfiguration section */
		FD930CE627736185000BA4CF /* Debug */ = {
			isa = XCBuildConfiguration;
			buildSettings = {
				ALWAYS_SEARCH_USER_PATHS = NO;
				CLANG_ANALYZER_NONNULL = YES;
				CLANG_ANALYZER_NUMBER_OBJECT_CONVERSION = YES_AGGRESSIVE;
				CLANG_CXX_LANGUAGE_STANDARD = "gnu++17";
				CLANG_CXX_LIBRARY = "libc++";
				CLANG_ENABLE_MODULES = YES;
				CLANG_ENABLE_OBJC_ARC = YES;
				CLANG_ENABLE_OBJC_WEAK = YES;
				CLANG_WARN_BLOCK_CAPTURE_AUTORELEASING = YES;
				CLANG_WARN_BOOL_CONVERSION = YES;
				CLANG_WARN_COMMA = YES;
				CLANG_WARN_CONSTANT_CONVERSION = YES;
				CLANG_WARN_DEPRECATED_OBJC_IMPLEMENTATIONS = YES;
				CLANG_WARN_DIRECT_OBJC_ISA_USAGE = YES_ERROR;
				CLANG_WARN_DOCUMENTATION_COMMENTS = YES;
				CLANG_WARN_EMPTY_BODY = YES;
				CLANG_WARN_ENUM_CONVERSION = YES;
				CLANG_WARN_INFINITE_RECURSION = YES;
				CLANG_WARN_INT_CONVERSION = YES;
				CLANG_WARN_NON_LITERAL_NULL_CONVERSION = YES;
				CLANG_WARN_OBJC_IMPLICIT_RETAIN_SELF = YES;
				CLANG_WARN_OBJC_LITERAL_CONVERSION = YES;
				CLANG_WARN_OBJC_ROOT_CLASS = YES_ERROR;
				CLANG_WARN_QUOTED_INCLUDE_IN_FRAMEWORK_HEADER = YES;
				CLANG_WARN_RANGE_LOOP_ANALYSIS = YES;
				CLANG_WARN_STRICT_PROTOTYPES = YES;
				CLANG_WARN_SUSPICIOUS_MOVE = YES;
				CLANG_WARN_UNGUARDED_AVAILABILITY = YES_AGGRESSIVE;
				CLANG_WARN_UNREACHABLE_CODE = YES;
				CLANG_WARN__DUPLICATE_METHOD_MATCH = YES;
				COPY_PHASE_STRIP = NO;
				DEBUG_INFORMATION_FORMAT = dwarf;
				ENABLE_STRICT_OBJC_MSGSEND = YES;
				ENABLE_TESTABILITY = YES;
				GCC_C_LANGUAGE_STANDARD = gnu11;
				GCC_DYNAMIC_NO_PIC = NO;
				GCC_NO_COMMON_BLOCKS = YES;
				GCC_OPTIMIZATION_LEVEL = 0;
				GCC_PREPROCESSOR_DEFINITIONS = (
					"DEBUG=1",
					"$(inherited)",
				);
				GCC_WARN_64_TO_32_BIT_CONVERSION = YES;
				GCC_WARN_ABOUT_RETURN_TYPE = YES_ERROR;
				GCC_WARN_UNDECLARED_SELECTOR = YES;
				GCC_WARN_UNINITIALIZED_AUTOS = YES_AGGRESSIVE;
				GCC_WARN_UNUSED_FUNCTION = YES;
				GCC_WARN_UNUSED_VARIABLE = YES;
				IPHONEOS_DEPLOYMENT_TARGET = 15.0;
				MTL_ENABLE_DEBUG_INFO = INCLUDE_SOURCE;
				MTL_FAST_MATH = YES;
				ONLY_ACTIVE_ARCH = YES;
				SDKROOT = iphoneos;
				SWIFT_ACTIVE_COMPILATION_CONDITIONS = DEBUG;
				SWIFT_OPTIMIZATION_LEVEL = "-Onone";
			};
			name = Debug;
		};
		FD930CE727736185000BA4CF /* Release */ = {
			isa = XCBuildConfiguration;
			buildSettings = {
				ALWAYS_SEARCH_USER_PATHS = NO;
				CLANG_ANALYZER_NONNULL = YES;
				CLANG_ANALYZER_NUMBER_OBJECT_CONVERSION = YES_AGGRESSIVE;
				CLANG_CXX_LANGUAGE_STANDARD = "gnu++17";
				CLANG_CXX_LIBRARY = "libc++";
				CLANG_ENABLE_MODULES = YES;
				CLANG_ENABLE_OBJC_ARC = YES;
				CLANG_ENABLE_OBJC_WEAK = YES;
				CLANG_WARN_BLOCK_CAPTURE_AUTORELEASING = YES;
				CLANG_WARN_BOOL_CONVERSION = YES;
				CLANG_WARN_COMMA = YES;
				CLANG_WARN_CONSTANT_CONVERSION = YES;
				CLANG_WARN_DEPRECATED_OBJC_IMPLEMENTATIONS = YES;
				CLANG_WARN_DIRECT_OBJC_ISA_USAGE = YES_ERROR;
				CLANG_WARN_DOCUMENTATION_COMMENTS = YES;
				CLANG_WARN_EMPTY_BODY = YES;
				CLANG_WARN_ENUM_CONVERSION = YES;
				CLANG_WARN_INFINITE_RECURSION = YES;
				CLANG_WARN_INT_CONVERSION = YES;
				CLANG_WARN_NON_LITERAL_NULL_CONVERSION = YES;
				CLANG_WARN_OBJC_IMPLICIT_RETAIN_SELF = YES;
				CLANG_WARN_OBJC_LITERAL_CONVERSION = YES;
				CLANG_WARN_OBJC_ROOT_CLASS = YES_ERROR;
				CLANG_WARN_QUOTED_INCLUDE_IN_FRAMEWORK_HEADER = YES;
				CLANG_WARN_RANGE_LOOP_ANALYSIS = YES;
				CLANG_WARN_STRICT_PROTOTYPES = YES;
				CLANG_WARN_SUSPICIOUS_MOVE = YES;
				CLANG_WARN_UNGUARDED_AVAILABILITY = YES_AGGRESSIVE;
				CLANG_WARN_UNREACHABLE_CODE = YES;
				CLANG_WARN__DUPLICATE_METHOD_MATCH = YES;
				COPY_PHASE_STRIP = NO;
				DEBUG_INFORMATION_FORMAT = "dwarf-with-dsym";
				ENABLE_NS_ASSERTIONS = NO;
				ENABLE_STRICT_OBJC_MSGSEND = YES;
				GCC_C_LANGUAGE_STANDARD = gnu11;
				GCC_NO_COMMON_BLOCKS = YES;
				GCC_WARN_64_TO_32_BIT_CONVERSION = YES;
				GCC_WARN_ABOUT_RETURN_TYPE = YES_ERROR;
				GCC_WARN_UNDECLARED_SELECTOR = YES;
				GCC_WARN_UNINITIALIZED_AUTOS = YES_AGGRESSIVE;
				GCC_WARN_UNUSED_FUNCTION = YES;
				GCC_WARN_UNUSED_VARIABLE = YES;
				IPHONEOS_DEPLOYMENT_TARGET = 15.0;
				MTL_ENABLE_DEBUG_INFO = NO;
				MTL_FAST_MATH = YES;
				SDKROOT = iphoneos;
				SWIFT_COMPILATION_MODE = wholemodule;
				SWIFT_OPTIMIZATION_LEVEL = "-O";
				VALIDATE_PRODUCT = YES;
			};
			name = Release;
		};
		FD930CE927736185000BA4CF /* Debug */ = {
			isa = XCBuildConfiguration;
			buildSettings = {
				ASSETCATALOG_COMPILER_APPICON_NAME = AppIcon;
				ASSETCATALOG_COMPILER_GLOBAL_ACCENT_COLOR_NAME = AccentColor;
				CODE_SIGN_STYLE = Automatic;
				CURRENT_PROJECT_VERSION = 1;
				DEVELOPMENT_ASSET_PATHS = "\"FlightTicketBrowser/Preview Content\"";
				DEVELOPMENT_TEAM = 7M7ZGYSAKB;
				ENABLE_PREVIEWS = YES;
				GENERATE_INFOPLIST_FILE = YES;
				INFOPLIST_KEY_UIApplicationSceneManifest_Generation = YES;
				INFOPLIST_KEY_UIApplicationSupportsIndirectInputEvents = YES;
				INFOPLIST_KEY_UILaunchScreen_Generation = YES;
				INFOPLIST_KEY_UISupportedInterfaceOrientations_iPad = "UIInterfaceOrientationPortrait UIInterfaceOrientationPortraitUpsideDown UIInterfaceOrientationLandscapeLeft UIInterfaceOrientationLandscapeRight";
				INFOPLIST_KEY_UISupportedInterfaceOrientations_iPhone = "UIInterfaceOrientationPortrait UIInterfaceOrientationLandscapeLeft UIInterfaceOrientationLandscapeRight";
				LD_RUNPATH_SEARCH_PATHS = (
					"$(inherited)",
					"@executable_path/Frameworks",
				);
				MARKETING_VERSION = 1.0;
				PRODUCT_BUNDLE_IDENTIFIER = com.ASTK.FlightTicketBrowser;
				PRODUCT_NAME = "$(TARGET_NAME)";
				SWIFT_EMIT_LOC_STRINGS = YES;
				SWIFT_VERSION = 5.0;
				TARGETED_DEVICE_FAMILY = "1,2";
			};
			name = Debug;
		};
		FD930CEA27736185000BA4CF /* Release */ = {
			isa = XCBuildConfiguration;
			buildSettings = {
				ASSETCATALOG_COMPILER_APPICON_NAME = AppIcon;
				ASSETCATALOG_COMPILER_GLOBAL_ACCENT_COLOR_NAME = AccentColor;
				CODE_SIGN_STYLE = Automatic;
				CURRENT_PROJECT_VERSION = 1;
				DEVELOPMENT_ASSET_PATHS = "\"FlightTicketBrowser/Preview Content\"";
				DEVELOPMENT_TEAM = 7M7ZGYSAKB;
				ENABLE_PREVIEWS = YES;
				GENERATE_INFOPLIST_FILE = YES;
				INFOPLIST_KEY_UIApplicationSceneManifest_Generation = YES;
				INFOPLIST_KEY_UIApplicationSupportsIndirectInputEvents = YES;
				INFOPLIST_KEY_UILaunchScreen_Generation = YES;
				INFOPLIST_KEY_UISupportedInterfaceOrientations_iPad = "UIInterfaceOrientationPortrait UIInterfaceOrientationPortraitUpsideDown UIInterfaceOrientationLandscapeLeft UIInterfaceOrientationLandscapeRight";
				INFOPLIST_KEY_UISupportedInterfaceOrientations_iPhone = "UIInterfaceOrientationPortrait UIInterfaceOrientationLandscapeLeft UIInterfaceOrientationLandscapeRight";
				LD_RUNPATH_SEARCH_PATHS = (
					"$(inherited)",
					"@executable_path/Frameworks",
				);
				MARKETING_VERSION = 1.0;
				PRODUCT_BUNDLE_IDENTIFIER = com.ASTK.FlightTicketBrowser;
				PRODUCT_NAME = "$(TARGET_NAME)";
				SWIFT_EMIT_LOC_STRINGS = YES;
				SWIFT_VERSION = 5.0;
				TARGETED_DEVICE_FAMILY = "1,2";
			};
			name = Release;
		};
/* End XCBuildConfiguration section */

/* Begin XCConfigurationList section */
		FD930CD527736183000BA4CF /* Build configuration list for PBXProject "FlightTicketBrowser" */ = {
			isa = XCConfigurationList;
			buildConfigurations = (
				FD930CE627736185000BA4CF /* Debug */,
				FD930CE727736185000BA4CF /* Release */,
			);
			defaultConfigurationIsVisible = 0;
			defaultConfigurationName = Release;
		};
		FD930CE827736185000BA4CF /* Build configuration list for PBXNativeTarget "FlightTicketBrowser" */ = {
			isa = XCConfigurationList;
			buildConfigurations = (
				FD930CE927736185000BA4CF /* Debug */,
				FD930CEA27736185000BA4CF /* Release */,
			);
			defaultConfigurationIsVisible = 0;
			defaultConfigurationName = Release;
		};
/* End XCConfigurationList section */
	};
	rootObject = FD930CD227736183000BA4CF /* Project object */;
}
